{
  "name": "assessment",
  "lockfileVersion": 2,
  "requires": true,
  "packages": {
    "": {
      "dependencies": {
        "froala-editor": "^4.0.10"
      }
    },
    "node_modules/froala-editor": {
      "version": "4.0.10",
      "resolved": "https://registry.npmjs.org/froala-editor/-/froala-editor-4.0.10.tgz",
      "integrity": "sha512-q7KglNOyo7tsK8sdO548qBfuKi+RdAFuC1Zt1E1l7LTzmkCXjGXR5clJJg9zb4V3D06KuPnNeNCGcfVEaalLww=="
    }
  },
  "dependencies": {
    "froala-editor": {
      "version": "4.0.10",
      "resolved": "https://registry.npmjs.org/froala-editor/-/froala-editor-4.0.10.tgz",
      "integrity": "sha512-q7KglNOyo7tsK8sdO548qBfuKi+RdAFuC1Zt1E1l7LTzmkCXjGXR5clJJg9zb4V3D06KuPnNeNCGcfVEaalLww=="
    }
  }
}
